Microsoft Visual Studio Solution File, Format Version 12.00
# Visual Studio Version 17
VisualStudioVersion = 17.5.2.0
MinimumVisualStudioVersion = 10.0.40219.1
Project("{FAE04EC0-301F-11D3-BF4B-00C04F79EFBC}") = "SalesManagement", "SalesManagement.csproj", "{2333778B-6793-DA86-DF6A-5E17BDED4551}"
EndProject
Global
	GlobalSection(SolutionConfigurationPlatforms) = preSolution
		Debug|Any CPU = Debug|Any CPU
		Release|Any CPU = Release|Any CPU
	EndGlobalSection
	GlobalSection(ProjectConfigurationPlatforms) = postSolution
		{2333778B-6793-DA86-DF6A-5E17BDED4551}.Debug|Any CPU.ActiveCfg = Debug|Any CPU
		{2333778B-6793-DA86-DF6A-5E17BDED4551}.Debug|Any CPU.Build.0 = Debug|Any CPU
		{2333778B-6793-DA86-DF6A-5E17BDED4551}.Release|Any CPU.ActiveCfg = Release|Any CPU
		{2333778B-6793-DA86-DF6A-5E17BDED4551}.Release|Any CPU.Build.0 = Release|Any CPU
	EndGlobalSection
	GlobalSection(SolutionProperties) = preSolution
		HideSolutionNode = FALSE
	EndGlobalSection
	GlobalSection(ExtensibilityGlobals) = postSolution
		SolutionGuid = {47A2579F-5B63-45E3-BB50-90181457139D}
	EndGlobalSection
EndGlobal
